
Microsoft Visual Studio Solution File, Format Version 12.00
# Visual Studio Version 17
VisualStudioVersion = 17.9.34622.214
MinimumVisualStudioVersion = 10.0.40219.1
Project("{2150E333-8FDC-42A3-9474-1A3956D46DE8}") = "Microservices", "Microservices", "{985BA897-057A-42FF-AF36-65F8B8ACE83A}"
EndProject
Project("{9A19103F-16F7-4668-BE54-9A1E7A4F7556}") = "Login", "Login\Login.csproj", "{BB0B7FB8-555B-4636-A4E9-33128EC7F3B6}"
EndProject
Project("{9A19103F-16F7-4668-BE54-9A1E7A4F7556}") = "Userdata", "Userdata\Userdata.csproj", "{AC31E68C-1A4E-46F1-974C-7EAAD823CE15}"
EndProject
Project("{9A19103F-16F7-4668-BE54-9A1E7A4F7556}") = "ApiGateWay", "ApiGateWay\ApiGateWay.csproj", "{A95259E9-EA05-4C85-90FB-4024C0FAFD91}"
EndProject
Project("{9A19103F-16F7-4668-BE54-9A1E7A4F7556}") = "Subscription", "Subscription\Subscription.csproj", "{03109997-BB63-43E8-B85A-A4F544BD7743}"
EndProject
Project("{FAE04EC0-301F-11D3-BF4B-00C04F79EFBC}") = "Subscribe", "Subscribe\Subscribe.csproj", "{D740D6AD-0131-46EA-A4BA-6AAB79298680}"
EndProject
Global
	GlobalSection(SolutionConfigurationPlatforms) = preSolution
		Debug|Any CPU = Debug|Any CPU
		Release|Any CPU = Release|Any CPU
	EndGlobalSection
	GlobalSection(ProjectConfigurationPlatforms) = postSolution
		{BB0B7FB8-555B-4636-A4E9-33128EC7F3B6}.Debug|Any CPU.ActiveCfg = Debug|Any CPU
		{BB0B7FB8-555B-4636-A4E9-33128EC7F3B6}.Debug|Any CPU.Build.0 = Debug|Any CPU
		{BB0B7FB8-555B-4636-A4E9-33128EC7F3B6}.Release|Any CPU.ActiveCfg = Release|Any CPU
		{BB0B7FB8-555B-4636-A4E9-33128EC7F3B6}.Release|Any CPU.Build.0 = Release|Any CPU
		{AC31E68C-1A4E-46F1-974C-7EAAD823CE15}.Debug|Any CPU.ActiveCfg = Debug|Any CPU
		{AC31E68C-1A4E-46F1-974C-7EAAD823CE15}.Debug|Any CPU.Build.0 = Debug|Any CPU
		{AC31E68C-1A4E-46F1-974C-7EAAD823CE15}.Release|Any CPU.ActiveCfg = Release|Any CPU
		{AC31E68C-1A4E-46F1-974C-7EAAD823CE15}.Release|Any CPU.Build.0 = Release|Any CPU
		{A95259E9-EA05-4C85-90FB-4024C0FAFD91}.Debug|Any CPU.ActiveCfg = Debug|Any CPU
		{A95259E9-EA05-4C85-90FB-4024C0FAFD91}.Debug|Any CPU.Build.0 = Debug|Any CPU
		{A95259E9-EA05-4C85-90FB-4024C0FAFD91}.Release|Any CPU.ActiveCfg = Release|Any CPU
		{A95259E9-EA05-4C85-90FB-4024C0FAFD91}.Release|Any CPU.Build.0 = Release|Any CPU
		{03109997-BB63-43E8-B85A-A4F544BD7743}.Debug|Any CPU.ActiveCfg = Debug|Any CPU
		{03109997-BB63-43E8-B85A-A4F544BD7743}.Debug|Any CPU.Build.0 = Debug|Any CPU
		{03109997-BB63-43E8-B85A-A4F544BD7743}.Release|Any CPU.ActiveCfg = Release|Any CPU
		{03109997-BB63-43E8-B85A-A4F544BD7743}.Release|Any CPU.Build.0 = Release|Any CPU
		{D740D6AD-0131-46EA-A4BA-6AAB79298680}.Debug|Any CPU.ActiveCfg = Debug|Any CPU
		{D740D6AD-0131-46EA-A4BA-6AAB79298680}.Debug|Any CPU.Build.0 = Debug|Any CPU
		{D740D6AD-0131-46EA-A4BA-6AAB79298680}.Release|Any CPU.ActiveCfg = Release|Any CPU
		{D740D6AD-0131-46EA-A4BA-6AAB79298680}.Release|Any CPU.Build.0 = Release|Any CPU
	EndGlobalSection
	GlobalSection(SolutionProperties) = preSolution
		HideSolutionNode = FALSE
	EndGlobalSection
	GlobalSection(NestedProjects) = preSolution
		{BB0B7FB8-555B-4636-A4E9-33128EC7F3B6} = {985BA897-057A-42FF-AF36-65F8B8ACE83A}
		{AC31E68C-1A4E-46F1-974C-7EAAD823CE15} = {985BA897-057A-42FF-AF36-65F8B8ACE83A}
		{A95259E9-EA05-4C85-90FB-4024C0FAFD91} = {985BA897-057A-42FF-AF36-65F8B8ACE83A}
		{03109997-BB63-43E8-B85A-A4F544BD7743} = {985BA897-057A-42FF-AF36-65F8B8ACE83A}
		{D740D6AD-0131-46EA-A4BA-6AAB79298680} = {985BA897-057A-42FF-AF36-65F8B8ACE83A}
	EndGlobalSection
	GlobalSection(ExtensibilityGlobals) = postSolution
		SolutionGuid = {D507355C-B553-48CE-A81E-3BFA068AABA5}
	EndGlobalSection
EndGlobal
